// !$*UTF8*$!
{
	archiveVersion = 1;
	classes = {
	};
	objectVersion = 54;
	objects = {

/* Begin PBXBuildFile section */
		0B1C71E1ABDC452FBBD9F12B /* Formatters.swift in Sources */ = {isa = PBXBuildFile; fileRef = CFAC58BE36BE48E9AF8241EA /* Formatters.swift */; };
		1CF1F02873AA4DFBAC4595F9 /* CalendarDayCell.swift in Sources */ = {isa = PBXBuildFile; fileRef = 73A59D853C1D485BBC4455A8 /* CalendarDayCell.swift */; };
		2046785EF0C74BA5A6932262 /* CategoryChip.swift in Sources */ = {isa = PBXBuildFile; fileRef = 1578DABCE9AE44E4B532B78A /* CategoryChip.swift */; };
		2E11EDA48D4E47D09C07B4C3 /* CategoryBreakdownRow.swift in Sources */ = {isa = PBXBuildFile; fileRef = 89D2E038C9FF426AA18E1D6D /* CategoryBreakdownRow.swift */; };
		2E33DD57CA834B0196A30154 /* UIColor+Hex.swift in Sources */ = {isa = PBXBuildFile; fileRef = 65A20FD9173C48FEBAE5486B /* UIColor+Hex.swift */; };
		3EAD5CCF76F841B9A4548F76 /* CategoryFilterBar.swift in Sources */ = {isa = PBXBuildFile; fileRef = D8712FBB5E7641D398549E49 /* CategoryFilterBar.swift */; };
		40945C52F96D47AE9EBEC56C /* AddViewController.swift in Sources */ = {isa = PBXBuildFile; fileRef = DFE0B728DBDF4DFC8EF53446 /* AddViewController.swift */; };
		40D214F508F94E79AA3EAE7A /* CalendarViewController.swift in Sources */ = {isa = PBXBuildFile; fileRef = CBE5D06EC6004DAE824D24B9 /* CalendarViewController.swift */; };
		5C3E4369DDAC4B5BB1831D64 /* AnimatedCountLabel.swift in Sources */ = {isa = PBXBuildFile; fileRef = 483E121B66BF43E08C642363 /* AnimatedCountLabel.swift */; };
		6B380A8C1E824D89B0BBCDF4 /* Theme.swift in Sources */ = {isa = PBXBuildFile; fileRef = 62B33D1B8F39495287695E2D /* Theme.swift */; };
		6EB69DD75D454DE18431A3FE /* EmptyStateView.swift in Sources */ = {isa = PBXBuildFile; fileRef = E78E7FFEE4D74A4FB724F527 /* EmptyStateView.swift */; };
		75181BF5AA9D40A8B60EF08F /* AppDelegate.swift in Sources */ = {isa = PBXBuildFile; fileRef = 3B955C0BE77E403D91774C82 /* AppDelegate.swift */; };
		7C8D75E1B46A4B5FA9A14BCB /* BudgetProgressView.swift in Sources */ = {isa = PBXBuildFile; fileRef = 2CE83F58B3F34E0A94B11041 /* BudgetProgressView.swift */; };
		8C21BC3ED47940BDA5628B2D /* Assets.xcassets in Resources */ = {isa = PBXBuildFile; fileRef = B1B8929DD3E3406D851E396F /* Assets.xcassets */; };
		907E0CF32FD55E27007D5911 /* TagLibrary.swift in Sources */ = {isa = PBXBuildFile; fileRef = 907E0CF22FD55E27007D5911 /* TagLibrary.swift */; };
		907E0CF52FD55E6B007D5911 /* TagPickerView.swift in Sources */ = {isa = PBXBuildFile; fileRef = 907E0CF42FD55E6B007D5911 /* TagPickerView.swift */; };
		907E0CF72FD5773B007D5911 /* MonthPickerViewController.swift in Sources */ = {isa = PBXBuildFile; fileRef = 907E0CF62FD5773B007D5911 /* MonthPickerViewController.swift */; };
		90A940872FDD8E76004775E5 /* Datepickersheet.swift in Sources */ = {isa = PBXBuildFile; fileRef = 90A940862FDD8E76004775E5 /* Datepickersheet.swift */; };
		90B7D39F2FD67704000D359B /* RecurringExpense.swift in Sources */ = {isa = PBXBuildFile; fileRef = 90B7D39E2FD67704000D359B /* RecurringExpense.swift */; };
		90B7D3A12FD67716000D359B /* RecurringStore.swift in Sources */ = {isa = PBXBuildFile; fileRef = 90B7D3A02FD67716000D359B /* RecurringStore.swift */; };
		90B7D3A32FD67728000D359B /* RecurringListViewController.swift in Sources */ = {isa = PBXBuildFile; fileRef = 90B7D3A22FD67728000D359B /* RecurringListViewController.swift */; };
		90B7D3A52FD67745000D359B /* RecurringEditViewController.swift in Sources */ = {isa = PBXBuildFile; fileRef = 90B7D3A42FD67745000D359B /* RecurringEditViewController.swift */; };
		90C9B1682FD6062200E0BB31 /* SplashViewController.swift in Sources */ = {isa = PBXBuildFile; fileRef = 90C9B1672FD6062200E0BB31 /* SplashViewController.swift */; };
		90D12C172FD8410500FEFD9E /* PocketBookContainer.swift in Sources */ = {isa = PBXBuildFile; fileRef = 90D12C162FD8410500FEFD9E /* PocketBookContainer.swift */; };
		90D12C192FD868DB00FEFD9E /* Toast.swift in Sources */ = {isa = PBXBuildFile; fileRef = 90D12C182FD868DB00FEFD9E /* Toast.swift */; };
		90DAE6F82FDB282700860242 /* AmountInputView.swift in Sources */ = {isa = PBXBuildFile; fileRef = 90DAE6F72FDB282700860242 /* AmountInputView.swift */; };
		90E4DF792FDBBCED0081B9A1 /* CurvedTabBar.swift in Sources */ = {isa = PBXBuildFile; fileRef = 90E4DF782FDBBCED0081B9A1 /* CurvedTabBar.swift */; };
		943B00213AB746BE8C00C2D4 /* ExpenseStore.swift in Sources */ = {isa = PBXBuildFile; fileRef = ADFC2E50389842B3972B7607 /* ExpenseStore.swift */; };
		9F2E5ED40D524B0E9DF7D10C /* SettingsViewController.swift in Sources */ = {isa = PBXBuildFile; fileRef = 767EF8C8629D4833AE659371 /* SettingsViewController.swift */; };
		A050E0AB03E34E32B563CEE8 /* ExpenseCell.swift in Sources */ = {isa = PBXBuildFile; fileRef = 33AAF6DDA42042D7A2274601 /* ExpenseCell.swift */; };
		A5667075607E4689A7711265 /* NotificationService.swift in Sources */ = {isa = PBXBuildFile; fileRef = 066705DE260D4512A337586C /* NotificationService.swift */; };
		AC766E1621924CB9A4D3A69B /* UIView+Extensions.swift in Sources */ = {isa = PBXBuildFile; fileRef = 8AFEE42D9E3F40B1951CE686 /* UIView+Extensions.swift */; };
		AE98220372434099AA66E752 /* SectionHeaderView.swift in Sources */ = {isa = PBXBuildFile; fileRef = E3C7B7EACFF243DC849FEA98 /* SectionHeaderView.swift */; };
		B8161AA98DF64211B7875BF6 /* DonutChartView.swift in Sources */ = {isa = PBXBuildFile; fileRef = A976FD4A77A944BDA3D8B5CA /* DonutChartView.swift */; };
		C0488CAC26D244658DB7243D /* ListViewController.swift in Sources */ = {isa = PBXBuildFile; fileRef = EFD5F2C2D8DC4A079754B071 /* ListViewController.swift */; };
		C612F704B3BB462FA7339E83 /* SettingsStore.swift in Sources */ = {isa = PBXBuildFile; fileRef = 43FB9502CD574AA68A5A3CE4 /* SettingsStore.swift */; };
		C8D5E9A2F9D6433EAE4053A9 /* StatsViewController.swift in Sources */ = {isa = PBXBuildFile; fileRef = 22D02180FFB14CB28EF5F1AA /* StatsViewController.swift */; };
		E43C70249E5E46F1835685DB /* BarChartView.swift in Sources */ = {isa = PBXBuildFile; fileRef = 5003BC214E4542B993101120 /* BarChartView.swift */; };
		E838E76783D94C0791B15165 /* MainTabBarController.swift in Sources */ = {isa = PBXBuildFile; fileRef = 2BB5F1E8348842FC984A41C8 /* MainTabBarController.swift */; };
		EF1BDC9C4A0B41168B990520 /* Storage.swift in Sources */ = {isa = PBXBuildFile; fileRef = A0F2C31B6A9C4BC6981CF32A /* Storage.swift */; };
		F7BAD3975BC74D9888776F17 /* Expense.swift in Sources */ = {isa = PBXBuildFile; fileRef = 2796E47C707344EF8A4B6158 /* Expense.swift */; };
/* End PBXBuildFile section */

/* Begin PBXFileReference section */
		066705DE260D4512A337586C /* NotificationService.swift */ = {isa = PBXFileReference; lastKnownFileType = sourcecode.swift; path = NotificationService.swift; sourceTree = "<group>"; };
		1578DABCE9AE44E4B532B78A /* CategoryChip.swift */ = {isa = PBXFileReference; lastKnownFileType = sourcecode.swift; path = CategoryChip.swift; sourceTree = "<group>"; };
		19894F1A21864CDBA45AE501 /* PocketBook.app */ = {isa = PBXFileReference; explicitFileType = wrapper.application; includeInIndex = 0; path = PocketBook.app; sourceTree = BUILT_PRODUCTS_DIR; };
		22D02180FFB14CB28EF5F1AA /* StatsViewController.swift */ = {isa = PBXFileReference; lastKnownFileType = sourcecode.swift; path = StatsViewController.swift; sourceTree = "<group>"; };
		2796E47C707344EF8A4B6158 /* Expense.swift */ = {isa = PBXFileReference; lastKnownFileType = sourcecode.swift; path = Expense.swift; sourceTree = "<group>"; };
		2BB5F1E8348842FC984A41C8 /* MainTabBarController.swift */ = {isa = PBXFileReference; lastKnownFileType = sourcecode.swift; path = MainTabBarController.swift; sourceTree = "<group>"; };
		2CE83F58B3F34E0A94B11041 /* BudgetProgressView.swift */ = {isa = PBXFileReference; lastKnownFileType = sourcecode.swift; path = BudgetProgressView.swift; sourceTree = "<group>"; };
		33AAF6DDA42042D7A2274601 /* ExpenseCell.swift */ = {isa = PBXFileReference; lastKnownFileType = sourcecode.swift; path = ExpenseCell.swift; sourceTree = "<group>"; };
		3B955C0BE77E403D91774C82 /* AppDelegate.swift */ = {isa = PBXFileReference; lastKnownFileType = sourcecode.swift; path = AppDelegate.swift; sourceTree = "<group>"; };
		43FB9502CD574AA68A5A3CE4 /* SettingsStore.swift */ = {isa = PBXFileReference; lastKnownFileType = sourcecode.swift; path = SettingsStore.swift; sourceTree = "<group>"; };
		483E121B66BF43E08C642363 /* AnimatedCountLabel.swift */ = {isa = PBXFileReference; lastKnownFileType = sourcecode.swift; path = AnimatedCountLabel.swift; sourceTree = "<group>"; };
		5003BC214E4542B993101120 /* BarChartView.swift */ = {isa = PBXFileReference; lastKnownFileType = sourcecode.swift; path = BarChartView.swift; sourceTree = "<group>"; };
		62B33D1B8F39495287695E2D /* Theme.swift */ = {isa = PBXFileReference; lastKnownFileType = sourcecode.swift; path = Theme.swift; sourceTree = "<group>"; };
		65A20FD9173C48FEBAE5486B /* UIColor+Hex.swift */ = {isa = PBXFileReference; lastKnownFileType = sourcecode.swift; path = "UIColor+Hex.swift"; sourceTree = "<group>"; };
		73A59D853C1D485BBC4455A8 /* CalendarDayCell.swift */ = {isa = PBXFileReference; lastKnownFileType = sourcecode.swift; path = CalendarDayCell.swift; sourceTree = "<group>"; };
		767EF8C8629D4833AE659371 /* SettingsViewController.swift */ = {isa = PBXFileReference; lastKnownFileType = sourcecode.swift; path = SettingsViewController.swift; sourceTree = "<group>"; };
		89D2E038C9FF426AA18E1D6D /* CategoryBreakdownRow.swift */ = {isa = PBXFileReference; lastKnownFileType = sourcecode.swift; path = CategoryBreakdownRow.swift; sourceTree = "<group>"; };
		8AFEE42D9E3F40B1951CE686 /* UIView+Extensions.swift */ = {isa = PBXFileReference; lastKnownFileType = sourcecode.swift; path = "UIView+Extensions.swift"; sourceTree = "<group>"; };
		907E0CF22FD55E27007D5911 /* TagLibrary.swift */ = {isa = PBXFileReference; lastKnownFileType = sourcecode.swift; path = TagLibrary.swift; sourceTree = "<group>"; };
		907E0CF42FD55E6B007D5911 /* TagPickerView.swift */ = {isa = PBXFileReference; lastKnownFileType = sourcecode.swift; path = TagPickerView.swift; sourceTree = "<group>"; };
		907E0CF62FD5773B007D5911 /* MonthPickerViewController.swift */ = {isa = PBXFileReference; lastKnownFileType = sourcecode.swift; path = MonthPickerViewController.swift; sourceTree = "<group>"; };
		90A940862FDD8E76004775E5 /* Datepickersheet.swift */ = {isa = PBXFileReference; lastKnownFileType = sourcecode.swift; path = Datepickersheet.swift; sourceTree = "<group>"; };
		90B7D39E2FD67704000D359B /* RecurringExpense.swift */ = {isa = PBXFileReference; lastKnownFileType = sourcecode.swift; path = RecurringExpense.swift; sourceTree = "<group>"; };
		90B7D3A02FD67716000D359B /* RecurringStore.swift */ = {isa = PBXFileReference; lastKnownFileType = sourcecode.swift; path = RecurringStore.swift; sourceTree = "<group>"; };
		90B7D3A22FD67728000D359B /* RecurringListViewController.swift */ = {isa = PBXFileReference; lastKnownFileType = sourcecode.swift; path = RecurringListViewController.swift; sourceTree = "<group>"; };
		90B7D3A42FD67745000D359B /* RecurringEditViewController.swift */ = {isa = PBXFileReference; lastKnownFileType = sourcecode.swift; path = RecurringEditViewController.swift; sourceTree = "<group>"; };
		90C9B1672FD6062200E0BB31 /* SplashViewController.swift */ = {isa = PBXFileReference; lastKnownFileType = sourcecode.swift; path = SplashViewController.swift; sourceTree = "<group>"; };
		90D12C162FD8410500FEFD9E /* PocketBookContainer.swift */ = {isa = PBXFileReference; lastKnownFileType = sourcecode.swift; path = PocketBookContainer.swift; sourceTree = "<group>"; };
		90D12C182FD868DB00FEFD9E /* Toast.swift */ = {isa = PBXFileReference; lastKnownFileType = sourcecode.swift; path = Toast.swift; sourceTree = "<group>"; };
		90DAE6F72FDB282700860242 /* AmountInputView.swift */ = {isa = PBXFileReference; lastKnownFileType = sourcecode.swift; path = AmountInputView.swift; sourceTree = "<group>"; };
		90E4DF782FDBBCED0081B9A1 /* CurvedTabBar.swift */ = {isa = PBXFileReference; lastKnownFileType = sourcecode.swift; path = CurvedTabBar.swift; sourceTree = "<group>"; };
		A0F2C31B6A9C4BC6981CF32A /* Storage.swift */ = {isa = PBXFileReference; lastKnownFileType = sourcecode.swift; path = Storage.swift; sourceTree = "<group>"; };
		A976FD4A77A944BDA3D8B5CA /* DonutChartView.swift */ = {isa = PBXFileReference; lastKnownFileType = sourcecode.swift; path = DonutChartView.swift; sourceTree = "<group>"; };
		ADFC2E50389842B3972B7607 /* ExpenseStore.swift */ = {isa = PBXFileReference; lastKnownFileType = sourcecode.swift; path = ExpenseStore.swift; sourceTree = "<group>"; };
		B1B8929DD3E3406D851E396F /* Assets.xcassets */ = {isa = PBXFileReference; lastKnownFileType = folder.assetcatalog; path = Assets.xcassets; sourceTree = "<group>"; };
		BE779E5F8C0A4586BB7E7FA6 /* Info.plist */ = {isa = PBXFileReference; lastKnownFileType = text.plist.xml; path = Info.plist; sourceTree = "<group>"; };
		CBE5D06EC6004DAE824D24B9 /* CalendarViewController.swift */ = {isa = PBXFileReference; lastKnownFileType = sourcecode.swift; path = CalendarViewController.swift; sourceTree = "<group>"; };
		CFAC58BE36BE48E9AF8241EA /* Formatters.swift */ = {isa = PBXFileReference; lastKnownFileType = sourcecode.swift; path = Formatters.swift; sourceTree = "<group>"; };
		D8712FBB5E7641D398549E49 /* CategoryFilterBar.swift */ = {isa = PBXFileReference; lastKnownFileType = sourcecode.swift; path = CategoryFilterBar.swift; sourceTree = "<group>"; };
		DFE0B728DBDF4DFC8EF53446 /* AddViewController.swift */ = {isa = PBXFileReference; lastKnownFileType = sourcecode.swift; path = AddViewController.swift; sourceTree = "<group>"; };
		E3C7B7EACFF243DC849FEA98 /* SectionHeaderView.swift */ = {isa = PBXFileReference; lastKnownFileType = sourcecode.swift; path = SectionHeaderView.swift; sourceTree = "<group>"; };
		E78E7FFEE4D74A4FB724F527 /* EmptyStateView.swift */ = {isa = PBXFileReference; lastKnownFileType = sourcecode.swift; path = EmptyStateView.swift; sourceTree = "<group>"; };
		EFD5F2C2D8DC4A079754B071 /* ListViewController.swift */ = {isa = PBXFileReference; lastKnownFileType = sourcecode.swift; path = ListViewController.swift; sourceTree = "<group>"; };
/* End PBXFileReference section */

/* Begin PBXFrameworksBuildPhase section */
		A0F3AD0FBED44AF8949E9A63 /* Frameworks */ = {
			isa = PBXFrameworksBuildPhase;
			buildActionMask = 2147483647;
			files = (
			);
			runOnlyForDeploymentPostprocessing = 0;
		};
/* End PBXFrameworksBuildPhase section */

/* Begin PBXGroup section */
		1D93698AC8E5434DA56F11AA /* Services */ = {
			isa = PBXGroup;
			children = (
				066705DE260D4512A337586C /* NotificationService.swift */,
			);
			path = Services;
			sourceTree = "<group>";
		};
		1F60E43CFFD346A691D19A1F /* PocketBook */ = {
			isa = PBXGroup;
			children = (
				3B955C0BE77E403D91774C82 /* AppDelegate.swift */,
				B3F2905FC28D4F93B3B7B488 /* DesignSystem */,
				3FB70889068444A889BBE2A2 /* Models */,
				A8150286B6224399A4463D9A /* Store */,
				1D93698AC8E5434DA56F11AA /* Services */,
				39B6E85D071E41BE8F825448 /* Extensions */,
				4B16B65793A9431E9500F5F0 /* Views */,
				B9CA2491BDA04F549B80D90B /* ViewControllers */,
				B1B8929DD3E3406D851E396F /* Assets.xcassets */,
				BE779E5F8C0A4586BB7E7FA6 /* Info.plist */,
			);
			path = PocketBook;
			sourceTree = "<group>";
		};
		39B6E85D071E41BE8F825448 /* Extensions */ = {
			isa = PBXGroup;
			children = (
				65A20FD9173C48FEBAE5486B /* UIColor+Hex.swift */,
				CFAC58BE36BE48E9AF8241EA /* Formatters.swift */,
				8AFEE42D9E3F40B1951CE686 /* UIView+Extensions.swift */,
			);
			path = Extensions;
			sourceTree = "<group>";
		};
		3FB70889068444A889BBE2A2 /* Models */ = {
			isa = PBXGroup;
			children = (
				2796E47C707344EF8A4B6158 /* Expense.swift */,
				90B7D39E2FD67704000D359B /* RecurringExpense.swift */,
			);
			path = Models;
			sourceTree = "<group>";
		};
		4B16B65793A9431E9500F5F0 /* Views */ = {
			isa = PBXGroup;
			children = (
				483E121B66BF43E08C642363 /* AnimatedCountLabel.swift */,
				33AAF6DDA42042D7A2274601 /* ExpenseCell.swift */,
				E3C7B7EACFF243DC849FEA98 /* SectionHeaderView.swift */,
				E78E7FFEE4D74A4FB724F527 /* EmptyStateView.swift */,
				A976FD4A77A944BDA3D8B5CA /* DonutChartView.swift */,
				5003BC214E4542B993101120 /* BarChartView.swift */,
				1578DABCE9AE44E4B532B78A /* CategoryChip.swift */,
				89D2E038C9FF426AA18E1D6D /* CategoryBreakdownRow.swift */,
				D8712FBB5E7641D398549E49 /* CategoryFilterBar.swift */,
				73A59D853C1D485BBC4455A8 /* CalendarDayCell.swift */,
				2CE83F58B3F34E0A94B11041 /* BudgetProgressView.swift */,
				907E0CF42FD55E6B007D5911 /* TagPickerView.swift */,
				90D12C182FD868DB00FEFD9E /* Toast.swift */,
				90DAE6F72FDB282700860242 /* AmountInputView.swift */,
				90E4DF782FDBBCED0081B9A1 /* CurvedTabBar.swift */,
				90A940862FDD8E76004775E5 /* Datepickersheet.swift */,
			);
			path = Views;
			sourceTree = "<group>";
		};
		8CA2C7C2DAE2461C989723C7 = {
			isa = PBXGroup;
			children = (
				1F60E43CFFD346A691D19A1F /* PocketBook */,
				AB514BCBC40747C0AD3A97D7 /* Products */,
			);
			sourceTree = "<group>";
		};
		A8150286B6224399A4463D9A /* Store */ = {
			isa = PBXGroup;
			children = (
				A0F2C31B6A9C4BC6981CF32A /* Storage.swift */,
				ADFC2E50389842B3972B7607 /* ExpenseStore.swift */,
				43FB9502CD574AA68A5A3CE4 /* SettingsStore.swift */,
				907E0CF22FD55E27007D5911 /* TagLibrary.swift */,
				90B7D3A02FD67716000D359B /* RecurringStore.swift */,
				90D12C162FD8410500FEFD9E /* PocketBookContainer.swift */,
			);
			path = Store;
			sourceTree = "<group>";
		};
		AB514BCBC40747C0AD3A97D7 /* Products */ = {
			isa = PBXGroup;
			children = (
				19894F1A21864CDBA45AE501 /* PocketBook.app */,
			);
			name = Products;
			sourceTree = "<group>";
		};
		B3F2905FC28D4F93B3B7B488 /* DesignSystem */ = {
			isa = PBXGroup;
			children = (
				62B33D1B8F39495287695E2D /* Theme.swift */,
			);
			path = DesignSystem;
			sourceTree = "<group>";
		};
		B9CA2491BDA04F549B80D90B /* ViewControllers */ = {
			isa = PBXGroup;
			children = (
				2BB5F1E8348842FC984A41C8 /* MainTabBarController.swift */,
				EFD5F2C2D8DC4A079754B071 /* ListViewController.swift */,
				CBE5D06EC6004DAE824D24B9 /* CalendarViewController.swift */,
				DFE0B728DBDF4DFC8EF53446 /* AddViewController.swift */,
				22D02180FFB14CB28EF5F1AA /* StatsViewController.swift */,
				767EF8C8629D4833AE659371 /* SettingsViewController.swift */,
				907E0CF62FD5773B007D5911 /* MonthPickerViewController.swift */,
				90C9B1672FD6062200E0BB31 /* SplashViewController.swift */,
				90B7D3A22FD67728000D359B /* RecurringListViewController.swift */,
				90B7D3A42FD67745000D359B /* RecurringEditViewController.swift */,
			);
			path = ViewControllers;
			sourceTree = "<group>";
		};
/* End PBXGroup section */

/* Begin PBXNativeTarget section */
		31F2D1FEA87F481186789C78 /* PocketBook */ = {
			isa = PBXNativeTarget;
			buildConfigurationList = 85394E41A2FC4368918F8504 /* Build configuration list for PBXNativeTarget "PocketBook" */;
			buildPhases = (
				6D87C83E62A441FA904D5784 /* Sources */,
				A0F3AD0FBED44AF8949E9A63 /* Frameworks */,
				9168EAC458CE42E4A5C5B0BF /* Resources */,
			);
			buildRules = (
			);
			dependencies = (
			);
			name = PocketBook;
			productName = PocketBook;
			productReference = 19894F1A21864CDBA45AE501 /* PocketBook.app */;
			productType = "com.apple.product-type.application";
		};
/* End PBXNativeTarget section */

/* Begin PBXProject section */
		23728458C19147938A95DE59 /* Project object */ = {
			isa = PBXProject;
			attributes = {
				BuildIndependentTargetsInParallel = YES;
				LastSwiftUpdateCheck = 1300;
				LastUpgradeCheck = 1540;
				TargetAttributes = {
					31F2D1FEA87F481186789C78 = {
						CreatedOnToolsVersion = 13.0;
					};
				};
			};
			buildConfigurationList = 7C33A017F1EC4633A0776048 /* Build configuration list for PBXProject "PocketBook" */;
			compatibilityVersion = "Xcode 11.0";
			developmentRegion = ko;
			hasScannedForEncodings = 0;
			knownRegions = (
				en,
				ko,
				Base,
			);
			mainGroup = 8CA2C7C2DAE2461C989723C7;
			productRefGroup = AB514BCBC40747C0AD3A97D7 /* Products */;
			projectDirPath = "";
			projectRoot = "";
			targets = (
				31F2D1FEA87F481186789C78 /* PocketBook */,
			);
		};
/* End PBXProject section */

/* Begin PBXResourcesBuildPhase section */
		9168EAC458CE42E4A5C5B0BF /* Resources */ = {
			isa = PBXResourcesBuildPhase;
			buildActionMask = 2147483647;
			files = (
				8C21BC3ED47940BDA5628B2D /* Assets.xcassets in Resources */,
			);
			runOnlyForDeploymentPostprocessing = 0;
		};
/* End PBXResourcesBuildPhase section */

/* Begin PBXSourcesBuildPhase section */
		6D87C83E62A441FA904D5784 /* Sources */ = {
			isa = PBXSourcesBuildPhase;
			buildActionMask = 2147483647;
			files = (
				90E4DF792FDBBCED0081B9A1 /* CurvedTabBar.swift in Sources */,
				90D12C192FD868DB00FEFD9E /* Toast.swift in Sources */,
				75181BF5AA9D40A8B60EF08F /* AppDelegate.swift in Sources */,
				6B380A8C1E824D89B0BBCDF4 /* Theme.swift in Sources */,
				F7BAD3975BC74D9888776F17 /* Expense.swift in Sources */,
				EF1BDC9C4A0B41168B990520 /* Storage.swift in Sources */,
				943B00213AB746BE8C00C2D4 /* ExpenseStore.swift in Sources */,
				C612F704B3BB462FA7339E83 /* SettingsStore.swift in Sources */,
				A5667075607E4689A7711265 /* NotificationService.swift in Sources */,
				2E33DD57CA834B0196A30154 /* UIColor+Hex.swift in Sources */,
				0B1C71E1ABDC452FBBD9F12B /* Formatters.swift in Sources */,
				AC766E1621924CB9A4D3A69B /* UIView+Extensions.swift in Sources */,
				90DAE6F82FDB282700860242 /* AmountInputView.swift in Sources */,
				5C3E4369DDAC4B5BB1831D64 /* AnimatedCountLabel.swift in Sources */,
				A050E0AB03E34E32B563CEE8 /* ExpenseCell.swift in Sources */,
				AE98220372434099AA66E752 /* SectionHeaderView.swift in Sources */,
				6EB69DD75D454DE18431A3FE /* EmptyStateView.swift in Sources */,
				90D12C172FD8410500FEFD9E /* PocketBookContainer.swift in Sources */,
				B8161AA98DF64211B7875BF6 /* DonutChartView.swift in Sources */,
				E43C70249E5E46F1835685DB /* BarChartView.swift in Sources */,
				907E0CF52FD55E6B007D5911 /* TagPickerView.swift in Sources */,
				2046785EF0C74BA5A6932262 /* CategoryChip.swift in Sources */,
				90B7D3A12FD67716000D359B /* RecurringStore.swift in Sources */,
				2E11EDA48D4E47D09C07B4C3 /* CategoryBreakdownRow.swift in Sources */,
				90B7D39F2FD67704000D359B /* RecurringExpense.swift in Sources */,
				3EAD5CCF76F841B9A4548F76 /* CategoryFilterBar.swift in Sources */,
				1CF1F02873AA4DFBAC4595F9 /* CalendarDayCell.swift in Sources */,
				7C8D75E1B46A4B5FA9A14BCB /* BudgetProgressView.swift in Sources */,
				E838E76783D94C0791B15165 /* MainTabBarController.swift in Sources */,
				C0488CAC26D244658DB7243D /* ListViewController.swift in Sources */,
				40D214F508F94E79AA3EAE7A /* CalendarViewController.swift in Sources */,
				40945C52F96D47AE9EBEC56C /* AddViewController.swift in Sources */,
				907E0CF32FD55E27007D5911 /* TagLibrary.swift in Sources */,
				90B7D3A52FD67745000D359B /* RecurringEditViewController.swift in Sources */,
				C8D5E9A2F9D6433EAE4053A9 /* StatsViewController.swift in Sources */,
				9F2E5ED40D524B0E9DF7D10C /* SettingsViewController.swift in Sources */,
				907E0CF72FD5773B007D5911 /* MonthPickerViewController.swift in Sources */,
				90A940872FDD8E76004775E5 /* Datepickersheet.swift in Sources */,
				90B7D3A32FD67728000D359B /* RecurringListViewController.swift in Sources */,
				90C9B1682FD6062200E0BB31 /* SplashViewController.swift in Sources */,
			);
			runOnlyForDeploymentPostprocessing = 0;
		};
/* End PBXSourcesBuildPhase section */

/* Begin XCBuildConfiguration section */
		510187EF863C47A1B68466DD /* Debug */ = {
			isa = XCBuildConfiguration;
			buildSettings = {
				ASSETCATALOG_COMPILER_APPICON_NAME = AppIcon;
				ASSETCATALOG_COMPILER_GLOBAL_ACCENT_COLOR_NAME = AccentColor;
				CODE_SIGN_STYLE = Automatic;
				CURRENT_PROJECT_VERSION = 1;
				DEVELOPMENT_TEAM = ZM6K4YGT72;
				INFOPLIST_FILE = PocketBook/Info.plist;
				IPHONEOS_DEPLOYMENT_TARGET = 17.0;
				LD_RUNPATH_SEARCH_PATHS = (
					"$(inherited)",
					"@executable_path/Frameworks",
				);
				MARKETING_VERSION = 1.0;
				PRODUCT_BUNDLE_IDENTIFIER = com.pocketbook.yunsu;
				PRODUCT_NAME = "$(TARGET_NAME)";
				SWIFT_VERSION = 5.0;
				TARGETED_DEVICE_FAMILY = 1;
			};
			name = Debug;
		};
		C5199D814E3B40DEADF2BBF3 /* Release */ = {
			isa = XCBuildConfiguration;
			buildSettings = {
				ALWAYS_SEARCH_USER_PATHS = NO;
				CLANG_ANALYZER_LOCALIZABILITY_NONLOCALIZED = YES;
				CLANG_ENABLE_MODULES = YES;
				CLANG_ENABLE_OBJC_ARC = YES;
				CLANG_ENABLE_OBJC_WEAK = YES;
				CLANG_WARN_BLOCK_CAPTURE_AUTORELEASING = YES;
				CLANG_WARN_BOOL_CONVERSION = YES;
				CLANG_WARN_COMMA = YES;
				CLANG_WARN_CONSTANT_CONVERSION = YES;
				CLANG_WARN_DEPRECATED_OBJC_IMPLEMENTATIONS = YES;
				CLANG_WARN_EMPTY_BODY = YES;
				CLANG_WARN_ENUM_CONVERSION = YES;
				CLANG_WARN_INFINITE_RECURSION = YES;
				CLANG_WARN_INT_CONVERSION = YES;
				CLANG_WARN_NON_LITERAL_NULL_CONVERSION = YES;
				CLANG_WARN_OBJC_IMPLICIT_RETAIN_SELF = YES;
				CLANG_WARN_OBJC_LITERAL_CONVERSION = YES;
				CLANG_WARN_QUOTED_INCLUDE_IN_FRAMEWORK_HEADER = YES;
				CLANG_WARN_RANGE_LOOP_ANALYSIS = YES;
				CLANG_WARN_STRICT_PROTOTYPES = YES;
				CLANG_WARN_SUSPICIOUS_MOVE = YES;
				CLANG_WARN_UNREACHABLE_CODE = YES;
				CLANG_WARN__DUPLICATE_METHOD_MATCH = YES;
				COPY_PHASE_STRIP = NO;
				DEBUG_INFORMATION_FORMAT = "dwarf-with-dsym";
				ENABLE_NS_ASSERTIONS = NO;
				ENABLE_STRICT_OBJC_MSGSEND = YES;
				ENABLE_USER_SCRIPT_SANDBOXING = YES;
				GCC_C_LANGUAGE_STANDARD = gnu11;
				GCC_NO_COMMON_BLOCKS = YES;
				GCC_WARN_64_TO_32_BIT_CONVERSION = YES;
				GCC_WARN_ABOUT_RETURN_TYPE = YES;
				GCC_WARN_UNDECLARED_SELECTOR = YES;
				GCC_WARN_UNINITIALIZED_AUTOS = YES;
				GCC_WARN_UNUSED_FUNCTION = YES;
				GCC_WARN_UNUSED_VARIABLE = YES;
				MTL_FAST_MATH = YES;
				SDKROOT = iphoneos;
				SWIFT_COMPILATION_MODE = wholemodule;
			};
			name = Release;
		};
		C89A472AEA794D0D9996E5F8 /* Release */ = {
			isa = XCBuildConfiguration;
			buildSettings = {
				ASSETCATALOG_COMPILER_APPICON_NAME = AppIcon;
				ASSETCATALOG_COMPILER_GLOBAL_ACCENT_COLOR_NAME = AccentColor;
				CODE_SIGN_STYLE = Automatic;
				CURRENT_PROJECT_VERSION = 1;
				DEVELOPMENT_TEAM = ZM6K4YGT72;
				INFOPLIST_FILE = PocketBook/Info.plist;
				IPHONEOS_DEPLOYMENT_TARGET = 17.0;
				LD_RUNPATH_SEARCH_PATHS = (
					"$(inherited)",
					"@executable_path/Frameworks",
				);
				MARKETING_VERSION = 1.0;
				PRODUCT_BUNDLE_IDENTIFIER = com.pocketbook.yunsu;
				PRODUCT_NAME = "$(TARGET_NAME)";
				SWIFT_VERSION = 5.0;
				TARGETED_DEVICE_FAMILY = 1;
			};
			name = Release;
		};
		E95CB5717F334EA7BBA1250C /* Debug */ = {
			isa = XCBuildConfiguration;
			buildSettings = {
				ALWAYS_SEARCH_USER_PATHS = NO;
				CLANG_ANALYZER_LOCALIZABILITY_NONLOCALIZED = YES;
				CLANG_ENABLE_MODULES = YES;
				CLANG_ENABLE_OBJC_ARC = YES;
				CLANG_ENABLE_OBJC_WEAK = YES;
				CLANG_WARN_BLOCK_CAPTURE_AUTORELEASING = YES;
				CLANG_WARN_BOOL_CONVERSION = YES;
				CLANG_WARN_COMMA = YES;
				CLANG_WARN_CONSTANT_CONVERSION = YES;
				CLANG_WARN_DEPRECATED_OBJC_IMPLEMENTATIONS = YES;
				CLANG_WARN_EMPTY_BODY = YES;
				CLANG_WARN_ENUM_CONVERSION = YES;
				CLANG_WARN_INFINITE_RECURSION = YES;
				CLANG_WARN_INT_CONVERSION = YES;
				CLANG_WARN_NON_LITERAL_NULL_CONVERSION = YES;
				CLANG_WARN_OBJC_IMPLICIT_RETAIN_SELF = YES;
				CLANG_WARN_OBJC_LITERAL_CONVERSION = YES;
				CLANG_WARN_QUOTED_INCLUDE_IN_FRAMEWORK_HEADER = YES;
				CLANG_WARN_RANGE_LOOP_ANALYSIS = YES;
				CLANG_WARN_STRICT_PROTOTYPES = YES;
				CLANG_WARN_SUSPICIOUS_MOVE = YES;
				CLANG_WARN_UNREACHABLE_CODE = YES;
				CLANG_WARN__DUPLICATE_METHOD_MATCH = YES;
				COPY_PHASE_STRIP = NO;
				DEBUG_INFORMATION_FORMAT = dwarf;
				ENABLE_STRICT_OBJC_MSGSEND = YES;
				ENABLE_TESTABILITY = YES;
				ENABLE_USER_SCRIPT_SANDBOXING = YES;
				GCC_C_LANGUAGE_STANDARD = gnu11;
				GCC_NO_COMMON_BLOCKS = YES;
				GCC_PREPROCESSOR_DEFINITIONS = (
					"DEBUG=1",
					"$(inherited)",
				);
				GCC_WARN_64_TO_32_BIT_CONVERSION = YES;
				GCC_WARN_ABOUT_RETURN_TYPE = YES;
				GCC_WARN_UNDECLARED_SELECTOR = YES;
				GCC_WARN_UNINITIALIZED_AUTOS = YES;
				GCC_WARN_UNUSED_FUNCTION = YES;
				GCC_WARN_UNUSED_VARIABLE = YES;
				MTL_ENABLE_DEBUG_INFO = INCLUDE_SOURCE;
				MTL_FAST_MATH = YES;
				ONLY_ACTIVE_ARCH = YES;
				SDKROOT = iphoneos;
				SWIFT_ACTIVE_COMPILATION_CONDITIONS = DEBUG;
				SWIFT_OPTIMIZATION_LEVEL = "-Onone";
			};
			name = Debug;
		};
/* End XCBuildConfiguration section */

/* Begin XCConfigurationList section */
		7C33A017F1EC4633A0776048 /* Build configuration list for PBXProject "PocketBook" */ = {
			isa = XCConfigurationList;
			buildConfigurations = (
				E95CB5717F334EA7BBA1250C /* Debug */,
				C5199D814E3B40DEADF2BBF3 /* Release */,
			);
			defaultConfigurationIsVisible = 0;
			defaultConfigurationName = Release;
		};
		85394E41A2FC4368918F8504 /* Build configuration list for PBXNativeTarget "PocketBook" */ = {
			isa = XCConfigurationList;
			buildConfigurations = (
				510187EF863C47A1B68466DD /* Debug */,
				C89A472AEA794D0D9996E5F8 /* Release */,
			);
			defaultConfigurationIsVisible = 0;
			defaultConfigurationName = Release;
		};
/* End XCConfigurationList section */
	};
	rootObject = 23728458C19147938A95DE59 /* Project object */;
}
